// !$*UTF8*$!
{
	archiveVersion = 1;
	classes = {
	};
	objectVersion = 46;
	objects = {

/* Begin PBXBuildFile section */
		3F24A3C01C837E1D00CB70CF /* AppDelegate.swift in Sources */ = {isa = PBXBuildFile; fileRef = 3F24A3BF1C837E1D00CB70CF /* AppDelegate.swift */; };
		3F24A3C21C837E1D00CB70CF /* ViewController.swift in Sources */ = {isa = PBXBuildFile; fileRef = 3F24A3C11C837E1D00CB70CF /* ViewController.swift */; };
		3F24A3C51C837E1D00CB70CF /* Main.storyboard in Resources */ = {isa = PBXBuildFile; fileRef = 3F24A3C31C837E1D00CB70CF /* Main.storyboard */; };
		3F24A3C71C837E1D00CB70CF /* Assets.xcassets in Resources */ = {isa = PBXBuildFile; fileRef = 3F24A3C61C837E1D00CB70CF /* Assets.xcassets */; };
		3F24A3CA1C837E1D00CB70CF /* LaunchScreen.storyboard in Resources */ = {isa = PBXBuildFile; fileRef = 3F24A3C81C837E1D00CB70CF /* LaunchScreen.storyboard */; };
		3F24A3CF1C837E1E00CB70CF /* FourZone4Blueprint WatchKit App.app in Embed Watch Content */ = {isa = PBXBuildFile; fileRef = 3F24A3CE1C837E1E00CB70CF /* FourZone4Blueprint WatchKit App.app */; };
		3F24A3D51C837E1E00CB70CF /* Interface.storyboard in Resources */ = {isa = PBXBuildFile; fileRef = 3F24A3D31C837E1E00CB70CF /* Interface.storyboard */; };
		3F24A3D71C837E1E00CB70CF /* Assets.xcassets in Resources */ = {isa = PBXBuildFile; fileRef = 3F24A3D61C837E1E00CB70CF /* Assets.xcassets */; };
		3F24A3DE1C837E1E00CB70CF /* FourZone4Blueprint WatchKit Extension.appex in Embed App Extensions */ = {isa = PBXBuildFile; fileRef = 3F24A3DD1C837E1E00CB70CF /* FourZone4Blueprint WatchKit Extension.appex */; settings = {ATTRIBUTES = (RemoveHeadersOnCopy, ); }; };
		3F24A3E31C837E1E00CB70CF /* InterfaceController.swift in Sources */ = {isa = PBXBuildFile; fileRef = 3F24A3E21C837E1E00CB70CF /* InterfaceController.swift */; };
		3F24A3E51C837E1E00CB70CF /* ExtensionDelegate.swift in Sources */ = {isa = PBXBuildFile; fileRef = 3F24A3E41C837E1E00CB70CF /* ExtensionDelegate.swift */; };
		3F24A3E71C837E1E00CB70CF /* Assets.xcassets in Resources */ = {isa = PBXBuildFile; fileRef = 3F24A3E61C837E1E00CB70CF /* Assets.xcassets */; };
		3F24A3F71C83840D00CB70CF /* MenuInterfaceController.swift in Sources */ = {isa = PBXBuildFile; fileRef = 3F24A3F61C83840C00CB70CF /* MenuInterfaceController.swift */; };
		3F24A3F91C8384A700CB70CF /* TableRow.swift in Sources */ = {isa = PBXBuildFile; fileRef = 3F24A3F81C8384A700CB70CF /* TableRow.swift */; };
		3FA6AFC91C839E3800BBA78E /* HealthKit.framework in Frameworks */ = {isa = PBXBuildFile; fileRef = 3FA6AFC81C839E3800BBA78E /* HealthKit.framework */; };
		3FA6AFCB1C839EBE00BBA78E /* HealthKit.framework in Frameworks */ = {isa = PBXBuildFile; fileRef = 3FA6AFCA1C839EBE00BBA78E /* HealthKit.framework */; };
		3FB595A91C8884B500D4EA41 /* GlanceInterfaceController.swift in Sources */ = {isa = PBXBuildFile; fileRef = 3FB595A81C8884B400D4EA41 /* GlanceInterfaceController.swift */; };
/* End PBXBuildFile section */

/* Begin PBXContainerItemProxy section */
		3F24A3D01C837E1E00CB70CF /* PBXContainerItemProxy */ = {
			isa = PBXContainerItemProxy;
			containerPortal = 3F24A3B41C837E1D00CB70CF /* Project object */;
			proxyType = 1;
			remoteGlobalIDString = 3F24A3CD1C837E1E00CB70CF;
			remoteInfo = "FourZone4Blueprint WatchKit App";
		};
		3F24A3DF1C837E1E00CB70CF /* PBXContainerItemProxy */ = {
			isa = PBXContainerItemProxy;
			containerPortal = 3F24A3B41C837E1D00CB70CF /* Project object */;
			proxyType = 1;
			remoteGlobalIDString = 3F24A3DC1C837E1E00CB70CF;
			remoteInfo = "FourZone4Blueprint WatchKit Extension";
		};
/* End PBXContainerItemProxy section */

/* Begin PBXCopyFilesBuildPhase section */
		3F24A3EE1C837E1E00CB70CF /* Embed App Extensions */ = {
			isa = PBXCopyFilesBuildPhase;
			buildActionMask = 2147483647;
			dstPath = "";
			dstSubfolderSpec = 13;
			files = (
				3F24A3DE1C837E1E00CB70CF /* FourZone4Blueprint WatchKit Extension.appex in Embed App Extensions */,
			);
			name = "Embed App Extensions";
			runOnlyForDeploymentPostprocessing = 0;
		};
		3F24A3F21C837E1E00CB70CF /* Embed Watch Content */ = {
			isa = PBXCopyFilesBuildPhase;
			buildActionMask = 2147483647;
			dstPath = "$(CONTENTS_FOLDER_PATH)/Watch";
			dstSubfolderSpec = 16;
			files = (
				3F24A3CF1C837E1E00CB70CF /* FourZone4Blueprint WatchKit App.app in Embed Watch Content */,
			);
			name = "Embed Watch Content";
			runOnlyForDeploymentPostprocessing = 0;
		};
/* End PBXCopyFilesBuildPhase section */

/* Begin PBXFileReference section */
		3F24A3BC1C837E1D00CB70CF /* FourZone4Blueprint.app */ = {isa = PBXFileReference; explicitFileType = wrapper.application; includeInIndex = 0; path = FourZone4Blueprint.app; sourceTree = BUILT_PRODUCTS_DIR; };
		3F24A3BF1C837E1D00CB70CF /* AppDelegate.swift */ = {isa = PBXFileReference; lastKnownFileType = sourcecode.swift; path = AppDelegate.swift; sourceTree = "<group>"; };
		3F24A3C11C837E1D00CB70CF /* ViewController.swift */ = {isa = PBXFileReference; lastKnownFileType = sourcecode.swift; path = ViewController.swift; sourceTree = "<group>"; };
		3F24A3C41C837E1D00CB70CF /* Base */ = {isa = PBXFileReference; lastKnownFileType = file.storyboard; name = Base; path = Base.lproj/Main.storyboard; sourceTree = "<group>"; };
		3F24A3C61C837E1D00CB70CF /* Assets.xcassets */ = {isa = PBXFileReference; lastKnownFileType = folder.assetcatalog; path = Assets.xcassets; sourceTree = "<group>"; };
		3F24A3C91C837E1D00CB70CF /* Base */ = {isa = PBXFileReference; lastKnownFileType = file.storyboard; name = Base; path = Base.lproj/LaunchScreen.storyboard; sourceTree = "<group>"; };
		3F24A3CB1C837E1D00CB70CF /* Info.plist */ = {isa = PBXFileReference; lastKnownFileType = text.plist.xml; path = Info.plist; sourceTree = "<group>"; };
		3F24A3CE1C837E1E00CB70CF /* FourZone4Blueprint WatchKit App.app */ = {isa = PBXFileReference; explicitFileType = wrapper.application; includeInIndex = 0; path = "FourZone4Blueprint WatchKit App.app"; sourceTree = BUILT_PRODUCTS_DIR; };
		3F24A3D41C837E1E00CB70CF /* Base */ = {isa = PBXFileReference; lastKnownFileType = file.storyboard; name = Base; path = Base.lproj/Interface.storyboard; sourceTree = "<group>"; };
		3F24A3D61C837E1E00CB70CF /* Assets.xcassets */ = {isa = PBXFileReference; lastKnownFileType = folder.assetcatalog; path = Assets.xcassets; sourceTree = "<group>"; };
		3F24A3D81C837E1E00CB70CF /* Info.plist */ = {isa = PBXFileReference; lastKnownFileType = text.plist.xml; path = Info.plist; sourceTree = "<group>"; };
		3F24A3DD1C837E1E00CB70CF /* FourZone4Blueprint WatchKit Extension.appex */ = {isa = PBXFileReference; explicitFileType = "wrapper.app-extension"; includeInIndex = 0; path = "FourZone4Blueprint WatchKit Extension.appex"; sourceTree = BUILT_PRODUCTS_DIR; };
		3F24A3E21C837E1E00CB70CF /* InterfaceController.swift */ = {isa = PBXFileReference; lastKnownFileType = sourcecode.swift; path = InterfaceController.swift; sourceTree = "<group>"; };
		3F24A3E41C837E1E00CB70CF /* ExtensionDelegate.swift */ = {isa = PBXFileReference; lastKnownFileType = sourcecode.swift; path = ExtensionDelegate.swift; sourceTree = "<group>"; };
		3F24A3E61C837E1E00CB70CF /* Assets.xcassets */ = {isa = PBXFileReference; lastKnownFileType = folder.assetcatalog; path = Assets.xcassets; sourceTree = "<group>"; };
		3F24A3E81C837E1E00CB70CF /* Info.plist */ = {isa = PBXFileReference; lastKnownFileType = text.plist.xml; path = Info.plist; sourceTree = "<group>"; };
		3F24A3F61C83840C00CB70CF /* MenuInterfaceController.swift */ = {isa = PBXFileReference; fileEncoding = 4; lastKnownFileType = sourcecode.swift; path = MenuInterfaceController.swift; sourceTree = "<group>"; };
		3F24A3F81C8384A700CB70CF /* TableRow.swift */ = {isa = PBXFileReference; fileEncoding = 4; lastKnownFileType = sourcecode.swift; path = TableRow.swift; sourceTree = "<group>"; };
		3FA6AFC71C839E3800BBA78E /* FourZone4Blueprint.entitlements */ = {isa = PBXFileReference; lastKnownFileType = text.xml; path = FourZone4Blueprint.entitlements; sourceTree = "<group>"; };
		3FA6AFC81C839E3800BBA78E /* HealthKit.framework */ = {isa = PBXFileReference; lastKnownFileType = wrapper.framework; name = HealthKit.framework; path = System/Library/Frameworks/HealthKit.framework; sourceTree = SDKROOT; };
		3FA6AFCA1C839EBE00BBA78E /* HealthKit.framework */ = {isa = PBXFileReference; lastKnownFileType = wrapper.framework; name = HealthKit.framework; path = Platforms/WatchOS.platform/Developer/SDKs/WatchOS2.1.sdk/System/Library/Frameworks/HealthKit.framework; sourceTree = DEVELOPER_DIR; };
		3FA6AFCC1C839EBE00BBA78E /* FourZone4Blueprint WatchKit Extension.entitlements */ = {isa = PBXFileReference; lastKnownFileType = text.xml; path = "FourZone4Blueprint WatchKit Extension.entitlements"; sourceTree = "<group>"; };
		3FB595A81C8884B400D4EA41 /* GlanceInterfaceController.swift */ = {isa = PBXFileReference; fileEncoding = 4; lastKnownFileType = sourcecode.swift; name = GlanceInterfaceController.swift; path = "../FourZone4Blueprint WatchKit App/GlanceInterfaceController.swift"; sourceTree = "<group>"; };
/* End PBXFileReference section */

/* Begin PBXFrameworksBuildPhase section */
		3F24A3B91C837E1D00CB70CF /* Frameworks */ = {
			isa = PBXFrameworksBuildPhase;
			buildActionMask = 2147483647;
			files = (
				3FA6AFC91C839E3800BBA78E /* HealthKit.framework in Frameworks */,
			);
			runOnlyForDeploymentPostprocessing = 0;
		};
		3F24A3DA1C837E1E00CB70CF /* Frameworks */ = {
			isa = PBXFrameworksBuildPhase;
			buildActionMask = 2147483647;
			files = (
				3FA6AFCB1C839EBE00BBA78E /* HealthKit.framework in Frameworks */,
			);
			runOnlyForDeploymentPostprocessing = 0;
		};
/* End PBXFrameworksBuildPhase section */

/* Begin PBXGroup section */
		3F24A3B31C837E1D00CB70CF = {
			isa = PBXGroup;
			children = (
				3FA6AFCA1C839EBE00BBA78E /* HealthKit.framework */,
				3FA6AFC81C839E3800BBA78E /* HealthKit.framework */,
				3F24A3BE1C837E1D00CB70CF /* FourZone4Blueprint */,
				3F24A3D21C837E1E00CB70CF /* FourZone4Blueprint WatchKit App */,
				3F24A3E11C837E1E00CB70CF /* FourZone4Blueprint WatchKit Extension */,
				3F24A3BD1C837E1D00CB70CF /* Products */,
			);
			sourceTree = "<group>";
		};
		3F24A3BD1C837E1D00CB70CF /* Products */ = {
			isa = PBXGroup;
			children = (
				3F24A3BC1C837E1D00CB70CF /* FourZone4Blueprint.app */,
				3F24A3CE1C837E1E00CB70CF /* FourZone4Blueprint WatchKit App.app */,
				3F24A3DD1C837E1E00CB70CF /* FourZone4Blueprint WatchKit Extension.appex */,
			);
			name = Products;
			sourceTree = "<group>";
		};
		3F24A3BE1C837E1D00CB70CF /* FourZone4Blueprint */ = {
			isa = PBXGroup;
			children = (
				3FA6AFC71C839E3800BBA78E /* FourZone4Blueprint.entitlements */,
				3F24A3BF1C837E1D00CB70CF /* AppDelegate.swift */,
				3F24A3C11C837E1D00CB70CF /* ViewController.swift */,
				3F24A3C31C837E1D00CB70CF /* Main.storyboard */,
				3F24A3C61C837E1D00CB70CF /* Assets.xcassets */,
				3F24A3C81C837E1D00CB70CF /* LaunchScreen.storyboard */,
				3F24A3CB1C837E1D00CB70CF /* Info.plist */,
			);
			path = FourZone4Blueprint;
			sourceTree = "<group>";
		};
		3F24A3D21C837E1E00CB70CF /* FourZone4Blueprint WatchKit App */ = {
			isa = PBXGroup;
			children = (
				3F24A3D31C837E1E00CB70CF /* Interface.storyboard */,
				3F24A3D61C837E1E00CB70CF /* Assets.xcassets */,
				3F24A3D81C837E1E00CB70CF /* Info.plist */,
			);
			path = "FourZone4Blueprint WatchKit App";
			sourceTree = "<group>";
		};
		3F24A3E11C837E1E00CB70CF /* FourZone4Blueprint WatchKit Extension */ = {
			isa = PBXGroup;
			children = (
				3F24A3F61C83840C00CB70CF /* MenuInterfaceController.swift */,
				3FB595A81C8884B400D4EA41 /* GlanceInterfaceController.swift */,
				3F24A3E21C837E1E00CB70CF /* InterfaceController.swift */,
				3F24A3F81C8384A700CB70CF /* TableRow.swift */,
				3FA6AFCC1C839EBE00BBA78E /* FourZone4Blueprint WatchKit Extension.entitlements */,
				3F24A3E41C837E1E00CB70CF /* ExtensionDelegate.swift */,
				3F24A3E61C837E1E00CB70CF /* Assets.xcassets */,
				3F24A3E81C837E1E00CB70CF /* Info.plist */,
			);
			path = "FourZone4Blueprint WatchKit Extension";
			sourceTree = "<group>";
		};
/* End PBXGroup section */

/* Begin PBXNativeTarget section */
		3F24A3BB1C837E1D00CB70CF /* FourZone4Blueprint */ = {
			isa = PBXNativeTarget;
			buildConfigurationList = 3F24A3F31C837E1E00CB70CF /* Build configuration list for PBXNativeTarget "FourZone4Blueprint" */;
			buildPhases = (
				3F24A3B81C837E1D00CB70CF /* Sources */,
				3F24A3B91C837E1D00CB70CF /* Frameworks */,
				3F24A3BA1C837E1D00CB70CF /* Resources */,
				3F24A3F21C837E1E00CB70CF /* Embed Watch Content */,
			);
			buildRules = (
			);
			dependencies = (
				3F24A3D11C837E1E00CB70CF /* PBXTargetDependency */,
			);
			name = FourZone4Blueprint;
			productName = FourZone4Blueprint;
			productReference = 3F24A3BC1C837E1D00CB70CF /* FourZone4Blueprint.app */;
			productType = "com.apple.product-type.application";
		};
		3F24A3CD1C837E1E00CB70CF /* FourZone4Blueprint WatchKit App */ = {
			isa = PBXNativeTarget;
			buildConfigurationList = 3F24A3EF1C837E1E00CB70CF /* Build configuration list for PBXNativeTarget "FourZone4Blueprint WatchKit App" */;
			buildPhases = (
				3F24A3CC1C837E1E00CB70CF /* Resources */,
				3F24A3EE1C837E1E00CB70CF /* Embed App Extensions */,
			);
			buildRules = (
			);
			dependencies = (
				3F24A3E01C837E1E00CB70CF /* PBXTargetDependency */,
			);
			name = "FourZone4Blueprint WatchKit App";
			productName = "FourZone4Blueprint WatchKit App";
			productReference = 3F24A3CE1C837E1E00CB70CF /* FourZone4Blueprint WatchKit App.app */;
			productType = "com.apple.product-type.application.watchapp2";
		};
		3F24A3DC1C837E1E00CB70CF /* FourZone4Blueprint WatchKit Extension */ = {
			isa = PBXNativeTarget;
			buildConfigurationList = 3F24A3EB1C837E1E00CB70CF /* Build configuration list for PBXNativeTarget "FourZone4Blueprint WatchKit Extension" */;
			buildPhases = (
				3F24A3D91C837E1E00CB70CF /* Sources */,
				3F24A3DA1C837E1E00CB70CF /* Frameworks */,
				3F24A3DB1C837E1E00CB70CF /* Resources */,
			);
			buildRules = (
			);
			dependencies = (
			);
			name = "FourZone4Blueprint WatchKit Extension";
			productName = "FourZone4Blueprint WatchKit Extension";
			productReference = 3F24A3DD1C837E1E00CB70CF /* FourZone4Blueprint WatchKit Extension.appex */;
			productType = "com.apple.product-type.watchkit2-extension";
		};
/* End PBXNativeTarget section */

/* Begin PBXProject section */
		3F24A3B41C837E1D00CB70CF /* Project object */ = {
			isa = PBXProject;
			attributes = {
				LastSwiftUpdateCheck = 0720;
				LastUpgradeCheck = 0720;
				ORGANIZATIONNAME = "Ilia Tikhomirov";
				TargetAttributes = {
					3F24A3BB1C837E1D00CB70CF = {
						CreatedOnToolsVersion = 7.2.1;
						DevelopmentTeam = DJE44ZPPJW;
						SystemCapabilities = {
							com.apple.HealthKit = {
								enabled = 1;
							};
						};
					};
					3F24A3CD1C837E1E00CB70CF = {
						CreatedOnToolsVersion = 7.2.1;
					};
					3F24A3DC1C837E1E00CB70CF = {
						CreatedOnToolsVersion = 7.2.1;
						DevelopmentTeam = DJE44ZPPJW;
						SystemCapabilities = {
							com.apple.HealthKit = {
								enabled = 1;
							};
						};
					};
				};
			};
			buildConfigurationList = 3F24A3B71C837E1D00CB70CF /* Build configuration list for PBXProject "FourZone4Blueprint" */;
			compatibilityVersion = "Xcode 3.2";
			developmentRegion = English;
			hasScannedForEncodings = 0;
			knownRegions = (
				en,
				Base,
			);
			mainGroup = 3F24A3B31C837E1D00CB70CF;
			productRefGroup = 3F24A3BD1C837E1D00CB70CF /* Products */;
			projectDirPath = "";
			projectRoot = "";
			targets = (
				3F24A3BB1C837E1D00CB70CF /* FourZone4Blueprint */,
				3F24A3CD1C837E1E00CB70CF /* FourZone4Blueprint WatchKit App */,
				3F24A3DC1C837E1E00CB70CF /* FourZone4Blueprint WatchKit Extension */,
			);
		};
/* End PBXProject section */

/* Begin PBXResourcesBuildPhase section */
		3F24A3BA1C837E1D00CB70CF /* Resources */ = {
			isa = PBXResourcesBuildPhase;
			buildActionMask = 2147483647;
			files = (
				3F24A3CA1C837E1D00CB70CF /* LaunchScreen.storyboard in Resources */,
				3F24A3C71C837E1D00CB70CF /* Assets.xcassets in Resources */,
				3F24A3C51C837E1D00CB70CF /* Main.storyboard in Resources */,
			);
			runOnlyForDeploymentPostprocessing = 0;
		};
		3F24A3CC1C837E1E00CB70CF /* Resources */ = {
			isa = PBXResourcesBuildPhase;
			buildActionMask = 2147483647;
			files = (
				3F24A3D71C837E1E00CB70CF /* Assets.xcassets in Resources */,
				3F24A3D51C837E1E00CB70CF /* Interface.storyboard in Resources */,
			);
			runOnlyForDeploymentPostprocessing = 0;
		};
		3F24A3DB1C837E1E00CB70CF /* Resources */ = {
			isa = PBXResourcesBuildPhase;
			buildActionMask = 2147483647;
			files = (
				3F24A3E71C837E1E00CB70CF /* Assets.xcassets in Resources */,
			);
			runOnlyForDeploymentPostprocessing = 0;
		};
/* End PBXResourcesBuildPhase section */

/* Begin PBXSourcesBuildPhase section */
		3F24A3B81C837E1D00CB70CF /* Sources */ = {
			isa = PBXSourcesBuildPhase;
			buildActionMask = 2147483647;
			files = (
				3F24A3C21C837E1D00CB70CF /* ViewController.swift in Sources */,
				3F24A3C01C837E1D00CB70CF /* AppDelegate.swift in Sources */,
			);
			runOnlyForDeploymentPostprocessing = 0;
		};
		3F24A3D91C837E1E00CB70CF /* Sources */ = {
			isa = PBXSourcesBuildPhase;
			buildActionMask = 2147483647;
			files = (
				3F24A3E51C837E1E00CB70CF /* ExtensionDelegate.swift in Sources */,
				3F24A3F91C8384A700CB70CF /* TableRow.swift in Sources */,
				3FB595A91C8884B500D4EA41 /* GlanceInterfaceController.swift in Sources */,
				3F24A3F71C83840D00CB70CF /* MenuInterfaceController.swift in Sources */,
				3F24A3E31C837E1E00CB70CF /* InterfaceController.swift in Sources */,
			);
			runOnlyForDeploymentPostprocessing = 0;
		};
/* End PBXSourcesBuildPhase section */

/* Begin PBXTargetDependency section */
		3F24A3D11C837E1E00CB70CF /* PBXTargetDependency */ = {
			isa = PBXTargetDependency;
			target = 3F24A3CD1C837E1E00CB70CF /* FourZone4Blueprint WatchKit App */;
			targetProxy = 3F24A3D01C837E1E00CB70CF /* PBXContainerItemProxy */;
		};
		3F24A3E01C837E1E00CB70CF /* PBXTargetDependency */ = {
			isa = PBXTargetDependency;
			target = 3F24A3DC1C837E1E00CB70CF /* FourZone4Blueprint WatchKit Extension */;
			targetProxy = 3F24A3DF1C837E1E00CB70CF /* PBXContainerItemProxy */;
		};
/* End PBXTargetDependency section */

/* Begin PBXVariantGroup section */
		3F24A3C31C837E1D00CB70CF /* Main.storyboard */ = {
			isa = PBXVariantGroup;
			children = (
				3F24A3C41C837E1D00CB70CF /* Base */,
			);
			name = Main.storyboard;
			sourceTree = "<group>";
		};
		3F24A3C81C837E1D00CB70CF /* LaunchScreen.storyboard */ = {
			isa = PBXVariantGroup;
			children = (
				3F24A3C91C837E1D00CB70CF /* Base */,
			);
			name = LaunchScreen.storyboard;
			sourceTree = "<group>";
		};
		3F24A3D31C837E1E00CB70CF /* Interface.storyboard */ = {
			isa = PBXVariantGroup;
			children = (
				3F24A3D41C837E1E00CB70CF /* Base */,
			);
			name = Interface.storyboard;
			sourceTree = "<group>";
		};
/* End PBXVariantGroup section */

/* Begin XCBuildConfiguration section */
		3F24A3E91C837E1E00CB70CF /* Debug */ = {
			isa = XCBuildConfiguration;
			buildSettings = {
				ALWAYS_SEARCH_USER_PATHS = NO;
				CLANG_CXX_LANGUAGE_STANDARD = "gnu++0x";
				CLANG_CXX_LIBRARY = "libc++";
				CLANG_ENABLE_MODULES = YES;
				CLANG_ENABLE_OBJC_ARC = YES;
				CLANG_WARN_BOOL_CONVERSION = YES;
				CLANG_WARN_CONSTANT_CONVERSION = YES;
				CLANG_WARN_DIRECT_OBJC_ISA_USAGE = YES_ERROR;
				CLANG_WARN_EMPTY_BODY = YES;
				CLANG_WARN_ENUM_CONVERSION = YES;
				CLANG_WARN_INT_CONVERSION = YES;
				CLANG_WARN_OBJC_ROOT_CLASS = YES_ERROR;
				CLANG_WARN_UNREACHABLE_CODE = YES;
				CLANG_WARN__DUPLICATE_METHOD_MATCH = YES;
				"CODE_SIGN_IDENTITY[sdk=iphoneos*]" = "iPhone Developer";
				COPY_PHASE_STRIP = NO;
				DEBUG_INFORMATION_FORMAT = dwarf;
				ENABLE_STRICT_OBJC_MSGSEND = YES;
				ENABLE_TESTABILITY = YES;
				GCC_C_LANGUAGE_STANDARD = gnu99;
				GCC_DYNAMIC_NO_PIC = NO;
				GCC_NO_COMMON_BLOCKS = YES;
				GCC_OPTIMIZATION_LEVEL = 0;
				GCC_PREPROCESSOR_DEFINITIONS = (
					"DEBUG=1",
					"$(inherited)",
				);
				GCC_WARN_64_TO_32_BIT_CONVERSION = YES;
				GCC_WARN_ABOUT_RETURN_TYPE = YES_ERROR;
				GCC_WARN_UNDECLARED_SELECTOR = YES;
				GCC_WARN_UNINITIALIZED_AUTOS = YES_AGGRESSIVE;
				GCC_WARN_UNUSED_FUNCTION = YES;
				GCC_WARN_UNUSED_VARIABLE = YES;
				IPHONEOS_DEPLOYMENT_TARGET = 9.2;
				MTL_ENABLE_DEBUG_INFO = YES;
				ONLY_ACTIVE_ARCH = YES;
				SDKROOT = iphoneos;
				SWIFT_OPTIMIZATION_LEVEL = "-Onone";
			};
			name = Debug;
		};
		3F24A3EA1C837E1E00CB70CF /* Release */ = {
			isa = XCBuildConfiguration;
			buildSettings = {
				ALWAYS_SEARCH_USER_PATHS = NO;
				CLANG_CXX_LANGUAGE_STANDARD = "gnu++0x";
				CLANG_CXX_LIBRARY = "libc++";
				CLANG_ENABLE_MODULES = YES;
				CLANG_ENABLE_OBJC_ARC = YES;
				CLANG_WARN_BOOL_CONVERSION = YES;
				CLANG_WARN_CONSTANT_CONVERSION = YES;
				CLANG_WARN_DIRECT_OBJC_ISA_USAGE = YES_ERROR;
				CLANG_WARN_EMPTY_BODY = YES;
				CLANG_WARN_ENUM_CONVERSION = YES;
				CLANG_WARN_INT_CONVERSION = YES;
				CLANG_WARN_OBJC_ROOT_CLASS = YES_ERROR;
				CLANG_WARN_UNREACHABLE_CODE = YES;
				CLANG_WARN__DUPLICATE_METHOD_MATCH = YES;
				"CODE_SIGN_IDENTITY[sdk=iphoneos*]" = "iPhone Developer";
				COPY_PHASE_STRIP = NO;
				DEBUG_INFORMATION_FORMAT = "dwarf-with-dsym";
				ENABLE_NS_ASSERTIONS = NO;
				ENABLE_STRICT_OBJC_MSGSEND = YES;
				GCC_C_LANGUAGE_STANDARD = gnu99;
				GCC_NO_COMMON_BLOCKS = YES;
				GCC_WARN_64_TO_32_BIT_CONVERSION = YES;
				GCC_WARN_ABOUT_RETURN_TYPE = YES_ERROR;
				GCC_WARN_UNDECLARED_SELECTOR = YES;
				GCC_WARN_UNINITIALIZED_AUTOS = YES_AGGRESSIVE;
				GCC_WARN_UNUSED_FUNCTION = YES;
				GCC_WARN_UNUSED_VARIABLE = YES;
				IPHONEOS_DEPLOYMENT_TARGET = 9.2;
				MTL_ENABLE_DEBUG_INFO = NO;
				SDKROOT = iphoneos;
				VALIDATE_PRODUCT = YES;
			};
			name = Release;
		};
		3F24A3EC1C837E1E00CB70CF /* Debug */ = {
			isa = XCBuildConfiguration;
			buildSettings = {
				CODE_SIGN_ENTITLEMENTS = "FourZone4Blueprint WatchKit Extension/FourZone4Blueprint WatchKit Extension.entitlements";
				CODE_SIGN_IDENTITY = "iPhone Developer";
				"CODE_SIGN_IDENTITY[sdk=watchos*]" = "iPhone Developer";
				INFOPLIST_FILE = "FourZone4Blueprint WatchKit Extension/Info.plist";
				LD_RUNPATH_SEARCH_PATHS = "$(inherited) @executable_path/Frameworks @executable_path/../../Frameworks";
				PRODUCT_BUNDLE_IDENTIFIER = com.thm.FourZone4Blueprint.watchkitapp.watchkitextension;
				PRODUCT_NAME = "${TARGET_NAME}";
				PROVISIONING_PROFILE = "";
				SDKROOT = watchos;
				SKIP_INSTALL = YES;
				TARGETED_DEVICE_FAMILY = 4;
				WATCHOS_DEPLOYMENT_TARGET = 2.1;
			};
			name = Debug;
		};
		3F24A3ED1C837E1E00CB70CF /* Release */ = {
			isa = XCBuildConfiguration;
			buildSettings = {
				CODE_SIGN_ENTITLEMENTS = "FourZone4Blueprint WatchKit Extension/FourZone4Blueprint WatchKit Extension.entitlements";
				CODE_SIGN_IDENTITY = "iPhone Developer";
				"CODE_SIGN_IDENTITY[sdk=watchos*]" = "iPhone Developer";
				INFOPLIST_FILE = "FourZone4Blueprint WatchKit Extension/Info.plist";
				LD_RUNPATH_SEARCH_PATHS = "$(inherited) @executable_path/Frameworks @executable_path/../../Frameworks";
				PRODUCT_BUNDLE_IDENTIFIER = com.thm.FourZone4Blueprint.watchkitapp.watchkitextension;
				PRODUCT_NAME = "${TARGET_NAME}";
				PROVISIONING_PROFILE = "";
				SDKROOT = watchos;
				SKIP_INSTALL = YES;
				TARGETED_DEVICE_FAMILY = 4;
				WATCHOS_DEPLOYMENT_TARGET = 2.1;
			};
			name = Release;
		};
		3F24A3F01C837E1E00CB70CF /* Debug */ = {
			isa = XCBuildConfiguration;
			buildSettings = {
				ASSETCATALOG_COMPILER_APPICON_NAME = AppIcon;
				CLANG_ENABLE_MODULES = YES;
				EMBEDDED_CONTENT_CONTAINS_SWIFT = YES;
				IBSC_MODULE = FourZone4Blueprint_WatchKit_Extension;
				INFOPLIST_FILE = "FourZone4Blueprint WatchKit App/Info.plist";
				LD_RUNPATH_SEARCH_PATHS = "$(inherited) @executable_path/../Frameworks @loader_path/../Frameworks";
				PRODUCT_BUNDLE_IDENTIFIER = com.thm.FourZone4Blueprint.watchkitapp;
				PRODUCT_NAME = "$(TARGET_NAME)";
				SDKROOT = watchos;
				SKIP_INSTALL = YES;
				SWIFT_OPTIMIZATION_LEVEL = "-Onone";
				TARGETED_DEVICE_FAMILY = 4;
				WATCHOS_DEPLOYMENT_TARGET = 2.1;
			};
			name = Debug;
		};
		3F24A3F11C837E1E00CB70CF /* Release */ = {
			isa = XCBuildConfiguration;
			buildSettings = {
				ASSETCATALOG_COMPILER_APPICON_NAME = AppIcon;
				CLANG_ENABLE_MODULES = YES;
				EMBEDDED_CONTENT_CONTAINS_SWIFT = YES;
				IBSC_MODULE = FourZone4Blueprint_WatchKit_Extension;
				INFOPLIST_FILE = "FourZone4Blueprint WatchKit App/Info.plist";
				LD_RUNPATH_SEARCH_PATHS = "$(inherited) @executable_path/../Frameworks @loader_path/../Frameworks";
				PRODUCT_BUNDLE_IDENTIFIER = com.thm.FourZone4Blueprint.watchkitapp;
				PRODUCT_NAME = "$(TARGET_NAME)";
				SDKROOT = watchos;
				SKIP_INSTALL = YES;
				TARGETED_DEVICE_FAMILY = 4;
				WATCHOS_DEPLOYMENT_TARGET = 2.1;
			};
			name = Release;
		};
		3F24A3F41C837E1E00CB70CF /* Debug */ = {
			isa = XCBuildConfiguration;
			buildSettings = {
				ASSETCATALOG_COMPILER_APPICON_NAME = AppIcon;
				CODE_SIGN_ENTITLEMENTS = FourZone4Blueprint/FourZone4Blueprint.entitlements;
				CODE_SIGN_IDENTITY = "iPhone Developer";
				"CODE_SIGN_IDENTITY[sdk=iphoneos*]" = "iPhone Developer";
				INFOPLIST_FILE = FourZone4Blueprint/Info.plist;
				LD_RUNPATH_SEARCH_PATHS = "$(inherited) @executable_path/Frameworks";
				PRODUCT_BUNDLE_IDENTIFIER = com.thm.FourZone4Blueprint;
				PRODUCT_NAME = "$(TARGET_NAME)";
				PROVISIONING_PROFILE = "";
			};
			name = Debug;
		};
		3F24A3F51C837E1E00CB70CF /* Release */ = {
			isa = XCBuildConfiguration;
			buildSettings = {
				ASSETCATALOG_COMPILER_APPICON_NAME = AppIcon;
				CODE_SIGN_ENTITLEMENTS = FourZone4Blueprint/FourZone4Blueprint.entitlements;
				CODE_SIGN_IDENTITY = "iPhone Developer";
				"CODE_SIGN_IDENTITY[sdk=iphoneos*]" = "iPhone Developer";
				INFOPLIST_FILE = FourZone4Blueprint/Info.plist;
				LD_RUNPATH_SEARCH_PATHS = "$(inherited) @executable_path/Frameworks";
				PRODUCT_BUNDLE_IDENTIFIER = com.thm.FourZone4Blueprint;
				PRODUCT_NAME = "$(TARGET_NAME)";
				PROVISIONING_PROFILE = "";
			};
			name = Release;
		};
/* End XCBuildConfiguration section */

/* Begin XCConfigurationList section */
		3F24A3B71C837E1D00CB70CF /* Build configuration list for PBXProject "FourZone4Blueprint" */ = {
			isa = XCConfigurationList;
			buildConfigurations = (
				3F24A3E91C837E1E00CB70CF /* Debug */,
				3F24A3EA1C837E1E00CB70CF /* Release */,
			);
			defaultConfigurationIsVisible = 0;
			defaultConfigurationName = Release;
		};
		3F24A3EB1C837E1E00CB70CF /* Build configuration list for PBXNativeTarget "FourZone4Blueprint WatchKit Extension" */ = {
			isa = XCConfigurationList;
			buildConfigurations = (
				3F24A3EC1C837E1E00CB70CF /* Debug */,
				3F24A3ED1C837E1E00CB70CF /* Release */,
			);
			defaultConfigurationIsVisible = 0;
			defaultConfigurationName = Release;
		};
		3F24A3EF1C837E1E00CB70CF /* Build configuration list for PBXNativeTarget "FourZone4Blueprint WatchKit App" */ = {
			isa = XCConfigurationList;
			buildConfigurations = (
				3F24A3F01C837E1E00CB70CF /* Debug */,
				3F24A3F11C837E1E00CB70CF /* Release */,
			);
			defaultConfigurationIsVisible = 0;
			defaultConfigurationName = Release;
		};
		3F24A3F31C837E1E00CB70CF /* Build configuration list for PBXNativeTarget "FourZone4Blueprint" */ = {
			isa = XCConfigurationList;
			buildConfigurations = (
				3F24A3F41C837E1E00CB70CF /* Debug */,
				3F24A3F51C837E1E00CB70CF /* Release */,
			);
			defaultConfigurationIsVisible = 0;
			defaultConfigurationName = Release;
		};
/* End XCConfigurationList section */
	};
	rootObject = 3F24A3B41C837E1D00CB70CF /* Project object */;
}
